// !$*UTF8*$!
{
	archiveVersion = 1;
	classes = {
	};
	objectVersion = 51;
	objects = {

/* Begin PBXBuildFile section */
		78DB763B9A1A53A4D77B549C /* Pods_Swift5_Todo_Swift5_TodoUITests.framework in Frameworks */ = {isa = PBXBuildFile; fileRef = A713BF29A484251922EC2CAF /* Pods_Swift5_Todo_Swift5_TodoUITests.framework */; };
		B81470703F9793D4AB2F4A91 /* Pods_Swift5_TodoTests.framework in Frameworks */ = {isa = PBXBuildFile; fileRef = A4250997DB71AA645DB65C85 /* Pods_Swift5_TodoTests.framework */; };
		E776CCBE247810640064420F /* Todo.swift in Sources */ = {isa = PBXBuildFile; fileRef = E776CCBD247810640064420F /* Todo.swift */; };
		E77DD16A2564E203009005F4 /* EditViewController.swift in Sources */ = {isa = PBXBuildFile; fileRef = E77DD1692564E203009005F4 /* EditViewController.swift */; };
		E7853C682575DDC100E0DAFE /* TodoViewController.swift in Sources */ = {isa = PBXBuildFile; fileRef = E7853C672575DDC100E0DAFE /* TodoViewController.swift */; };
		E7BE1CF72477102C0046F175 /* AppDelegate.swift in Sources */ = {isa = PBXBuildFile; fileRef = E7BE1CF62477102C0046F175 /* AppDelegate.swift */; };
		E7BE1CF92477102C0046F175 /* SceneDelegate.swift in Sources */ = {isa = PBXBuildFile; fileRef = E7BE1CF82477102C0046F175 /* SceneDelegate.swift */; };
		E7BE1CFE2477102C0046F175 /* Main.storyboard in Resources */ = {isa = PBXBuildFile; fileRef = E7BE1CFC2477102C0046F175 /* Main.storyboard */; };
		E7BE1D002477102F0046F175 /* Assets.xcassets in Resources */ = {isa = PBXBuildFile; fileRef = E7BE1CFF2477102F0046F175 /* Assets.xcassets */; };
		E7BE1D032477102F0046F175 /* LaunchScreen.storyboard in Resources */ = {isa = PBXBuildFile; fileRef = E7BE1D012477102F0046F175 /* LaunchScreen.storyboard */; };
		E7BE1D0E2477102F0046F175 /* Swift5_TodoTests.swift in Sources */ = {isa = PBXBuildFile; fileRef = E7BE1D0D2477102F0046F175 /* Swift5_TodoTests.swift */; };
		E7BE1D192477102F0046F175 /* Swift5_TodoUITests.swift in Sources */ = {isa = PBXBuildFile; fileRef = E7BE1D182477102F0046F175 /* Swift5_TodoUITests.swift */; };
		F8964EB1C176B86039AC4AE4 /* Pods_Swift5_Todo.framework in Frameworks */ = {isa = PBXBuildFile; fileRef = F3392577F8EB2334DBBEEB7C /* Pods_Swift5_Todo.framework */; };
/* End PBXBuildFile section */

/* Begin PBXContainerItemProxy section */
		E7BE1D0A2477102F0046F175 /* PBXContainerItemProxy */ = {
			isa = PBXContainerItemProxy;
			containerPortal = E7BE1CEB2477102C0046F175 /* Project object */;
			proxyType = 1;
			remoteGlobalIDString = E7BE1CF22477102C0046F175;
			remoteInfo = "Swift5 Todo";
		};
		E7BE1D152477102F0046F175 /* PBXContainerItemProxy */ = {
			isa = PBXContainerItemProxy;
			containerPortal = E7BE1CEB2477102C0046F175 /* Project object */;
			proxyType = 1;
			remoteGlobalIDString = E7BE1CF22477102C0046F175;
			remoteInfo = "Swift5 Todo";
		};
/* End PBXContainerItemProxy section */

/* Begin PBXFileReference section */
		26F73DF021DBCEAC558CA4C0 /* Pods-Swift5 TodoTests.debug.xcconfig */ = {isa = PBXFileReference; includeInIndex = 1; lastKnownFileType = text.xcconfig; name = "Pods-Swift5 TodoTests.debug.xcconfig"; path = "Target Support Files/Pods-Swift5 TodoTests/Pods-Swift5 TodoTests.debug.xcconfig"; sourceTree = "<group>"; };
		56B5AF5BD86A66ED02243996 /* Pods-Swift5 Todo.debug.xcconfig */ = {isa = PBXFileReference; includeInIndex = 1; lastKnownFileType = text.xcconfig; name = "Pods-Swift5 Todo.debug.xcconfig"; path = "Target Support Files/Pods-Swift5 Todo/Pods-Swift5 Todo.debug.xcconfig"; sourceTree = "<group>"; };
		7A6ED7C7D2849B1145028C10 /* Pods-Swift5 Todo-Swift5 TodoUITests.release.xcconfig */ = {isa = PBXFileReference; includeInIndex = 1; lastKnownFileType = text.xcconfig; name = "Pods-Swift5 Todo-Swift5 TodoUITests.release.xcconfig"; path = "Target Support Files/Pods-Swift5 Todo-Swift5 TodoUITests/Pods-Swift5 Todo-Swift5 TodoUITests.release.xcconfig"; sourceTree = "<group>"; };
		92A7CE1954E697B880036C3B /* Pods-Swift5 TodoTests.release.xcconfig */ = {isa = PBXFileReference; includeInIndex = 1; lastKnownFileType = text.xcconfig; name = "Pods-Swift5 TodoTests.release.xcconfig"; path = "Target Support Files/Pods-Swift5 TodoTests/Pods-Swift5 TodoTests.release.xcconfig"; sourceTree = "<group>"; };
		9419788780407AF6D58440F0 /* Pods-Swift5 Todo.release.xcconfig */ = {isa = PBXFileReference; includeInIndex = 1; lastKnownFileType = text.xcconfig; name = "Pods-Swift5 Todo.release.xcconfig"; path = "Target Support Files/Pods-Swift5 Todo/Pods-Swift5 Todo.release.xcconfig"; sourceTree = "<group>"; };
		98D45785E29D77B31C8BE8B5 /* Pods-Swift5 Todo-Swift5 TodoUITests.debug.xcconfig */ = {isa = PBXFileReference; includeInIndex = 1; lastKnownFileType = text.xcconfig; name = "Pods-Swift5 Todo-Swift5 TodoUITests.debug.xcconfig"; path = "Target Support Files/Pods-Swift5 Todo-Swift5 TodoUITests/Pods-Swift5 Todo-Swift5 TodoUITests.debug.xcconfig"; sourceTree = "<group>"; };
		A4250997DB71AA645DB65C85 /* Pods_Swift5_TodoTests.framework */ = {isa = PBXFileReference; explicitFileType = wrapper.framework; includeInIndex = 0; path = Pods_Swift5_TodoTests.framework; sourceTree = BUILT_PRODUCTS_DIR; };
		A713BF29A484251922EC2CAF /* Pods_Swift5_Todo_Swift5_TodoUITests.framework */ = {isa = PBXFileReference; explicitFileType = wrapper.framework; includeInIndex = 0; path = Pods_Swift5_Todo_Swift5_TodoUITests.framework; sourceTree = BUILT_PRODUCTS_DIR; };
		E776CCBD247810640064420F /* Todo.swift */ = {isa = PBXFileReference; lastKnownFileType = sourcecode.swift; path = Todo.swift; sourceTree = "<group>"; };
		E77DD1692564E203009005F4 /* EditViewController.swift */ = {isa = PBXFileReference; lastKnownFileType = sourcecode.swift; path = EditViewController.swift; sourceTree = "<group>"; };
		E7853C672575DDC100E0DAFE /* TodoViewController.swift */ = {isa = PBXFileReference; lastKnownFileType = sourcecode.swift; path = TodoViewController.swift; sourceTree = "<group>"; };
		E7BE1CF32477102C0046F175 /* Swift5 Todo.app */ = {isa = PBXFileReference; explicitFileType = wrapper.application; includeInIndex = 0; path = "Swift5 Todo.app"; sourceTree = BUILT_PRODUCTS_DIR; };
		E7BE1CF62477102C0046F175 /* AppDelegate.swift */ = {isa = PBXFileReference; lastKnownFileType = sourcecode.swift; path = AppDelegate.swift; sourceTree = "<group>"; };
		E7BE1CF82477102C0046F175 /* SceneDelegate.swift */ = {isa = PBXFileReference; lastKnownFileType = sourcecode.swift; path = SceneDelegate.swift; sourceTree = "<group>"; };
		E7BE1CFD2477102C0046F175 /* Base */ = {isa = PBXFileReference; lastKnownFileType = file.storyboard; name = Base; path = Base.lproj/Main.storyboard; sourceTree = "<group>"; };
		E7BE1CFF2477102F0046F175 /* Assets.xcassets */ = {isa = PBXFileReference; lastKnownFileType = folder.assetcatalog; path = Assets.xcassets; sourceTree = "<group>"; };
		E7BE1D022477102F0046F175 /* Base */ = {isa = PBXFileReference; lastKnownFileType = file.storyboard; name = Base; path = Base.lproj/LaunchScreen.storyboard; sourceTree = "<group>"; };
		E7BE1D042477102F0046F175 /* Info.plist */ = {isa = PBXFileReference; lastKnownFileType = text.plist.xml; path = Info.plist; sourceTree = "<group>"; };
		E7BE1D092477102F0046F175 /* Swift5 TodoTests.xctest */ = {isa = PBXFileReference; explicitFileType = wrapper.cfbundle; includeInIndex = 0; path = "Swift5 TodoTests.xctest"; sourceTree = BUILT_PRODUCTS_DIR; };
		E7BE1D0D2477102F0046F175 /* Swift5_TodoTests.swift */ = {isa = PBXFileReference; lastKnownFileType = sourcecode.swift; path = Swift5_TodoTests.swift; sourceTree = "<group>"; };
		E7BE1D0F2477102F0046F175 /* Info.plist */ = {isa = PBXFileReference; lastKnownFileType = text.plist.xml; path = Info.plist; sourceTree = "<group>"; };
		E7BE1D142477102F0046F175 /* Swift5 TodoUITests.xctest */ = {isa = PBXFileReference; explicitFileType = wrapper.cfbundle; includeInIndex = 0; path = "Swift5 TodoUITests.xctest"; sourceTree = BUILT_PRODUCTS_DIR; };
		E7BE1D182477102F0046F175 /* Swift5_TodoUITests.swift */ = {isa = PBXFileReference; lastKnownFileType = sourcecode.swift; path = Swift5_TodoUITests.swift; sourceTree = "<group>"; };
		E7BE1D1A2477102F0046F175 /* Info.plist */ = {isa = PBXFileReference; lastKnownFileType = text.plist.xml; path = Info.plist; sourceTree = "<group>"; };
		F3392577F8EB2334DBBEEB7C /* Pods_Swift5_Todo.framework */ = {isa = PBXFileReference; explicitFileType = wrapper.framework; includeInIndex = 0; path = Pods_Swift5_Todo.framework; sourceTree = BUILT_PRODUCTS_DIR; };
/* End PBXFileReference section */

/* Begin PBXFrameworksBuildPhase section */
		E7BE1CF02477102C0046F175 /* Frameworks */ = {
			isa = PBXFrameworksBuildPhase;
			buildActionMask = 2147483647;
			files = (
				F8964EB1C176B86039AC4AE4 /* Pods_Swift5_Todo.framework in Frameworks */,
			);
			runOnlyForDeploymentPostprocessing = 0;
		};
		E7BE1D062477102F0046F175 /* Frameworks */ = {
			isa = PBXFrameworksBuildPhase;
			buildActionMask = 2147483647;
			files = (
				B81470703F9793D4AB2F4A91 /* Pods_Swift5_TodoTests.framework in Frameworks */,
			);
			runOnlyForDeploymentPostprocessing = 0;
		};
		E7BE1D112477102F0046F175 /* Frameworks */ = {
			isa = PBXFrameworksBuildPhase;
			buildActionMask = 2147483647;
			files = (
				78DB763B9A1A53A4D77B549C /* Pods_Swift5_Todo_Swift5_TodoUITests.framework in Frameworks */,
			);
			runOnlyForDeploymentPostprocessing = 0;
		};
/* End PBXFrameworksBuildPhase section */

/* Begin PBXGroup section */
		262F77034DDDE8428C389E77 /* Frameworks */ = {
			isa = PBXGroup;
			children = (
				F3392577F8EB2334DBBEEB7C /* Pods_Swift5_Todo.framework */,
				A713BF29A484251922EC2CAF /* Pods_Swift5_Todo_Swift5_TodoUITests.framework */,
				A4250997DB71AA645DB65C85 /* Pods_Swift5_TodoTests.framework */,
			);
			name = Frameworks;
			sourceTree = "<group>";
		};
		53638F7A9DE1844EB1ED58FA /* Pods */ = {
			isa = PBXGroup;
			children = (
				56B5AF5BD86A66ED02243996 /* Pods-Swift5 Todo.debug.xcconfig */,
				9419788780407AF6D58440F0 /* Pods-Swift5 Todo.release.xcconfig */,
				98D45785E29D77B31C8BE8B5 /* Pods-Swift5 Todo-Swift5 TodoUITests.debug.xcconfig */,
				7A6ED7C7D2849B1145028C10 /* Pods-Swift5 Todo-Swift5 TodoUITests.release.xcconfig */,
				26F73DF021DBCEAC558CA4C0 /* Pods-Swift5 TodoTests.debug.xcconfig */,
				92A7CE1954E697B880036C3B /* Pods-Swift5 TodoTests.release.xcconfig */,
			);
			path = Pods;
			sourceTree = "<group>";
		};
		E7BE1CEA2477102C0046F175 = {
			isa = PBXGroup;
			children = (
				E7BE1CF52477102C0046F175 /* Swift5 Todo */,
				E7BE1D0C2477102F0046F175 /* Swift5 TodoTests */,
				E7BE1D172477102F0046F175 /* Swift5 TodoUITests */,
				E7BE1CF42477102C0046F175 /* Products */,
				53638F7A9DE1844EB1ED58FA /* Pods */,
				262F77034DDDE8428C389E77 /* Frameworks */,
			);
			sourceTree = "<group>";
		};
		E7BE1CF42477102C0046F175 /* Products */ = {
			isa = PBXGroup;
			children = (
				E7BE1CF32477102C0046F175 /* Swift5 Todo.app */,
				E7BE1D092477102F0046F175 /* Swift5 TodoTests.xctest */,
				E7BE1D142477102F0046F175 /* Swift5 TodoUITests.xctest */,
			);
			name = Products;
			sourceTree = "<group>";
		};
		E7BE1CF52477102C0046F175 /* Swift5 Todo */ = {
			isa = PBXGroup;
			children = (
				E7EA2E2C257771D40009CB08 /* Model */,
				E7EA2E2D257772620009CB08 /* View */,
				E7EA2E2E2577726E0009CB08 /* Controller */,
				E7BE1D042477102F0046F175 /* Info.plist */,
			);
			path = "Swift5 Todo";
			sourceTree = "<group>";
		};
		E7BE1D0C2477102F0046F175 /* Swift5 TodoTests */ = {
			isa = PBXGroup;
			children = (
				E7BE1D0D2477102F0046F175 /* Swift5_TodoTests.swift */,
				E7BE1D0F2477102F0046F175 /* Info.plist */,
			);
			path = "Swift5 TodoTests";
			sourceTree = "<group>";
		};
		E7BE1D172477102F0046F175 /* Swift5 TodoUITests */ = {
			isa = PBXGroup;
			children = (
				E7BE1D182477102F0046F175 /* Swift5_TodoUITests.swift */,
				E7BE1D1A2477102F0046F175 /* Info.plist */,
			);
			path = "Swift5 TodoUITests";
			sourceTree = "<group>";
		};
		E7EA2E2C257771D40009CB08 /* Model */ = {
			isa = PBXGroup;
			children = (
				E776CCBD247810640064420F /* Todo.swift */,
			);
			path = Model;
			sourceTree = "<group>";
		};
		E7EA2E2D257772620009CB08 /* View */ = {
			isa = PBXGroup;
			children = (
				E7BE1CFC2477102C0046F175 /* Main.storyboard */,
				E7BE1CFF2477102F0046F175 /* Assets.xcassets */,
				E7BE1D012477102F0046F175 /* LaunchScreen.storyboard */,
			);
			path = View;
			sourceTree = "<group>";
		};
		E7EA2E2E2577726E0009CB08 /* Controller */ = {
			isa = PBXGroup;
			children = (
				E7BE1CF62477102C0046F175 /* AppDelegate.swift */,
				E7BE1CF82477102C0046F175 /* SceneDelegate.swift */,
				E7853C672575DDC100E0DAFE /* TodoViewController.swift */,
				E77DD1692564E203009005F4 /* EditViewController.swift */,
			);
			path = Controller;
			sourceTree = "<group>";
		};
/* End PBXGroup section */

/* Begin PBXNativeTarget section */
		E7BE1CF22477102C0046F175 /* Swift5 Todo */ = {
			isa = PBXNativeTarget;
			buildConfigurationList = E7BE1D1D2477102F0046F175 /* Build configuration list for PBXNativeTarget "Swift5 Todo" */;
			buildPhases = (
				D007A05DC0F26B8CBCBED0CD /* [CP] Check Pods Manifest.lock */,
				E7BE1CEF2477102C0046F175 /* Sources */,
				E7BE1CF02477102C0046F175 /* Frameworks */,
				E7BE1CF12477102C0046F175 /* Resources */,
				23D91431BFF942E36AB4A7B5 /* [CP] Embed Pods Frameworks */,
			);
			buildRules = (
			);
			dependencies = (
			);
			name = "Swift5 Todo";
			productName = "Swift5 Todo";
			productReference = E7BE1CF32477102C0046F175 /* Swift5 Todo.app */;
			productType = "com.apple.product-type.application";
		};
		E7BE1D082477102F0046F175 /* Swift5 TodoTests */ = {
			isa = PBXNativeTarget;
			buildConfigurationList = E7BE1D202477102F0046F175 /* Build configuration list for PBXNativeTarget "Swift5 TodoTests" */;
			buildPhases = (
				D0B919B07436EE6095182C4C /* [CP] Check Pods Manifest.lock */,
				E7BE1D052477102F0046F175 /* Sources */,
				E7BE1D062477102F0046F175 /* Frameworks */,
				E7BE1D072477102F0046F175 /* Resources */,
			);
			buildRules = (
			);
			dependencies = (
				E7BE1D0B2477102F0046F175 /* PBXTargetDependency */,
			);
			name = "Swift5 TodoTests";
			productName = "Swift5 TodoTests";
			productReference = E7BE1D092477102F0046F175 /* Swift5 TodoTests.xctest */;
			productType = "com.apple.product-type.bundle.unit-test";
		};
		E7BE1D132477102F0046F175 /* Swift5 TodoUITests */ = {
			isa = PBXNativeTarget;
			buildConfigurationList = E7BE1D232477102F0046F175 /* Build configuration list for PBXNativeTarget "Swift5 TodoUITests" */;
			buildPhases = (
				DEBE8FEF2D1324E5CDB01859 /* [CP] Check Pods Manifest.lock */,
				E7BE1D102477102F0046F175 /* Sources */,
				E7BE1D112477102F0046F175 /* Frameworks */,
				E7BE1D122477102F0046F175 /* Resources */,
				0A12090442BAEE7D3A751D10 /* [CP] Embed Pods Frameworks */,
			);
			buildRules = (
			);
			dependencies = (
				E7BE1D162477102F0046F175 /* PBXTargetDependency */,
			);
			name = "Swift5 TodoUITests";
			productName = "Swift5 TodoUITests";
			productReference = E7BE1D142477102F0046F175 /* Swift5 TodoUITests.xctest */;
			productType = "com.apple.product-type.bundle.ui-testing";
		};
/* End PBXNativeTarget section */

/* Begin PBXProject section */
		E7BE1CEB2477102C0046F175 /* Project object */ = {
			isa = PBXProject;
			attributes = {
				LastSwiftUpdateCheck = 1140;
				LastUpgradeCheck = 1140;
				ORGANIZATIONNAME = Hiroaki_Hirabayashi;
				TargetAttributes = {
					E7BE1CF22477102C0046F175 = {
						CreatedOnToolsVersion = 11.4;
					};
					E7BE1D082477102F0046F175 = {
						CreatedOnToolsVersion = 11.4;
						TestTargetID = E7BE1CF22477102C0046F175;
					};
					E7BE1D132477102F0046F175 = {
						CreatedOnToolsVersion = 11.4;
						TestTargetID = E7BE1CF22477102C0046F175;
					};
				};
			};
			buildConfigurationList = E7BE1CEE2477102C0046F175 /* Build configuration list for PBXProject "Swift5 Todo" */;
			compatibilityVersion = "Xcode 9.3";
			developmentRegion = en;
			hasScannedForEncodings = 0;
			knownRegions = (
				en,
				Base,
			);
			mainGroup = E7BE1CEA2477102C0046F175;
			productRefGroup = E7BE1CF42477102C0046F175 /* Products */;
			projectDirPath = "";
			projectRoot = "";
			targets = (
				E7BE1CF22477102C0046F175 /* Swift5 Todo */,
				E7BE1D082477102F0046F175 /* Swift5 TodoTests */,
				E7BE1D132477102F0046F175 /* Swift5 TodoUITests */,
			);
		};
/* End PBXProject section */

/* Begin PBXResourcesBuildPhase section */
		E7BE1CF12477102C0046F175 /* Resources */ = {
			isa = PBXResourcesBuildPhase;
			buildActionMask = 2147483647;
			files = (
				E7BE1D032477102F0046F175 /* LaunchScreen.storyboard in Resources */,
				E7BE1D002477102F0046F175 /* Assets.xcassets in Resources */,
				E7BE1CFE2477102C0046F175 /* Main.storyboard in Resources */,
			);
			runOnlyForDeploymentPostprocessing = 0;
		};
		E7BE1D072477102F0046F175 /* Resources */ = {
			isa = PBXResourcesBuildPhase;
			buildActionMask = 2147483647;
			files = (
			);
			runOnlyForDeploymentPostprocessing = 0;
		};
		E7BE1D122477102F0046F175 /* Resources */ = {
			isa = PBXResourcesBuildPhase;
			buildActionMask = 2147483647;
			files = (
			);
			runOnlyForDeploymentPostprocessing = 0;
		};
/* End PBXResourcesBuildPhase section */

/* Begin PBXShellScriptBuildPhase section */
		0A12090442BAEE7D3A751D10 /* [CP] Embed Pods Frameworks */ = {
			isa = PBXShellScriptBuildPhase;
			buildActionMask = 2147483647;
			files = (
			);
			inputFileListPaths = (
				"${PODS_ROOT}/Target Support Files/Pods-Swift5 Todo-Swift5 TodoUITests/Pods-Swift5 Todo-Swift5 TodoUITests-frameworks-${CONFIGURATION}-input-files.xcfilelist",
			);
			name = "[CP] Embed Pods Frameworks";
			outputFileListPaths = (
				"${PODS_ROOT}/Target Support Files/Pods-Swift5 Todo-Swift5 TodoUITests/Pods-Swift5 Todo-Swift5 TodoUITests-frameworks-${CONFIGURATION}-output-files.xcfilelist",
			);
			runOnlyForDeploymentPostprocessing = 0;
			shellPath = /bin/sh;
			shellScript = "\"${PODS_ROOT}/Target Support Files/Pods-Swift5 Todo-Swift5 TodoUITests/Pods-Swift5 Todo-Swift5 TodoUITests-frameworks.sh\"\n";
			showEnvVarsInLog = 0;
		};
		23D91431BFF942E36AB4A7B5 /* [CP] Embed Pods Frameworks */ = {
			isa = PBXShellScriptBuildPhase;
			buildActionMask = 2147483647;
			files = (
			);
			inputFileListPaths = (
				"${PODS_ROOT}/Target Support Files/Pods-Swift5 Todo/Pods-Swift5 Todo-frameworks-${CONFIGURATION}-input-files.xcfilelist",
			);
			name = "[CP] Embed Pods Frameworks";
			outputFileListPaths = (
				"${PODS_ROOT}/Target Support Files/Pods-Swift5 Todo/Pods-Swift5 Todo-frameworks-${CONFIGURATION}-output-files.xcfilelist",
			);
			runOnlyForDeploymentPostprocessing = 0;
			shellPath = /bin/sh;
			shellScript = "\"${PODS_ROOT}/Target Support Files/Pods-Swift5 Todo/Pods-Swift5 Todo-frameworks.sh\"\n";
			showEnvVarsInLog = 0;
		};
		D007A05DC0F26B8CBCBED0CD /* [CP] Check Pods Manifest.lock */ = {
			isa = PBXShellScriptBuildPhase;
			buildActionMask = 2147483647;
			files = (
			);
			inputFileListPaths = (
			);
			inputPaths = (
				"${PODS_PODFILE_DIR_PATH}/Podfile.lock",
				"${PODS_ROOT}/Manifest.lock",
			);
			name = "[CP] Check Pods Manifest.lock";
			outputFileListPaths = (
			);
			outputPaths = (
				"$(DERIVED_FILE_DIR)/Pods-Swift5 Todo-checkManifestLockResult.txt",
			);
			runOnlyForDeploymentPostprocessing = 0;
			shellPath = /bin/sh;
			shellScript = "diff \"${PODS_PODFILE_DIR_PATH}/Podfile.lock\" \"${PODS_ROOT}/Manifest.lock\" > /dev/null\nif [ $? != 0 ] ; then\n    # print error to STDERR\n    echo \"error: The sandbox is not in sync with the Podfile.lock. Run 'pod install' or update your CocoaPods installation.\" >&2\n    exit 1\nfi\n# This output is used by Xcode 'outputs' to avoid re-running this script phase.\necho \"SUCCESS\" > \"${SCRIPT_OUTPUT_FILE_0}\"\n";
			showEnvVarsInLog = 0;
		};
		D0B919B07436EE6095182C4C /* [CP] Check Pods Manifest.lock */ = {
			isa = PBXShellScriptBuildPhase;
			buildActionMask = 2147483647;
			files = (
			);
			inputFileListPaths = (
			);
			inputPaths = (
				"${PODS_PODFILE_DIR_PATH}/Podfile.lock",
				"${PODS_ROOT}/Manifest.lock",
			);
			name = "[CP] Check Pods Manifest.lock";
			outputFileListPaths = (
			);
			outputPaths = (
				"$(DERIVED_FILE_DIR)/Pods-Swift5 TodoTests-checkManifestLockResult.txt",
			);
			runOnlyForDeploymentPostprocessing = 0;
			shellPath = /bin/sh;
			shellScript = "diff \"${PODS_PODFILE_DIR_PATH}/Podfile.lock\" \"${PODS_ROOT}/Manifest.lock\" > /dev/null\nif [ $? != 0 ] ; then\n    # print error to STDERR\n    echo \"error: The sandbox is not in sync with the Podfile.lock. Run 'pod install' or update your CocoaPods installation.\" >&2\n    exit 1\nfi\n# This output is used by Xcode 'outputs' to avoid re-running this script phase.\necho \"SUCCESS\" > \"${SCRIPT_OUTPUT_FILE_0}\"\n";
			showEnvVarsInLog = 0;
		};
		DEBE8FEF2D1324E5CDB01859 /* [CP] Check Pods Manifest.lock */ = {
			isa = PBXShellScriptBuildPhase;
			buildActionMask = 2147483647;
			files = (
			);
			inputFileListPaths = (
			);
			inputPaths = (
				"${PODS_PODFILE_DIR_PATH}/Podfile.lock",
				"${PODS_ROOT}/Manifest.lock",
			);
			name = "[CP] Check Pods Manifest.lock";
			outputFileListPaths = (
			);
			outputPaths = (
				"$(DERIVED_FILE_DIR)/Pods-Swift5 Todo-Swift5 TodoUITests-checkManifestLockResult.txt",
			);
			runOnlyForDeploymentPostprocessing = 0;
			shellPath = /bin/sh;
			shellScript = "diff \"${PODS_PODFILE_DIR_PATH}/Podfile.lock\" \"${PODS_ROOT}/Manifest.lock\" > /dev/null\nif [ $? != 0 ] ; then\n    # print error to STDERR\n    echo \"error: The sandbox is not in sync with the Podfile.lock. Run 'pod install' or update your CocoaPods installation.\" >&2\n    exit 1\nfi\n# This output is used by Xcode 'outputs' to avoid re-running this script phase.\necho \"SUCCESS\" > \"${SCRIPT_OUTPUT_FILE_0}\"\n";
			showEnvVarsInLog = 0;
		};
/* End PBXShellScriptBuildPhase section */

/* Begin PBXSourcesBuildPhase section */
		E7BE1CEF2477102C0046F175 /* Sources */ = {
			isa = PBXSourcesBuildPhase;
			buildActionMask = 2147483647;
			files = (
				E77DD16A2564E203009005F4 /* EditViewController.swift in Sources */,
				E7BE1CF72477102C0046F175 /* AppDelegate.swift in Sources */,
				E7BE1CF92477102C0046F175 /* SceneDelegate.swift in Sources */,
				E7853C682575DDC100E0DAFE /* TodoViewController.swift in Sources */,
				E776CCBE247810640064420F /* Todo.swift in Sources */,
			);
			runOnlyForDeploymentPostprocessing = 0;
		};
		E7BE1D052477102F0046F175 /* Sources */ = {
			isa = PBXSourcesBuildPhase;
			buildActionMask = 2147483647;
			files = (
				E7BE1D0E2477102F0046F175 /* Swift5_TodoTests.swift in Sources */,
			);
			runOnlyForDeploymentPostprocessing = 0;
		};
		E7BE1D102477102F0046F175 /* Sources */ = {
			isa = PBXSourcesBuildPhase;
			buildActionMask = 2147483647;
			files = (
				E7BE1D192477102F0046F175 /* Swift5_TodoUITests.swift in Sources */,
			);
			runOnlyForDeploymentPostprocessing = 0;
		};
/* End PBXSourcesBuildPhase section */

/* Begin PBXTargetDependency section */
		E7BE1D0B2477102F0046F175 /* PBXTargetDependency */ = {
			isa = PBXTargetDependency;
			target = E7BE1CF22477102C0046F175 /* Swift5 Todo */;
			targetProxy = E7BE1D0A2477102F0046F175 /* PBXContainerItemProxy */;
		};
		E7BE1D162477102F0046F175 /* PBXTargetDependency */ = {
			isa = PBXTargetDependency;
			target = E7BE1CF22477102C0046F175 /* Swift5 Todo */;
			targetProxy = E7BE1D152477102F0046F175 /* PBXContainerItemProxy */;
		};
/* End PBXTargetDependency section */

/* Begin PBXVariantGroup section */
		E7BE1CFC2477102C0046F175 /* Main.storyboard */ = {
			isa = PBXVariantGroup;
			children = (
				E7BE1CFD2477102C0046F175 /* Base */,
			);
			name = Main.storyboard;
			sourceTree = "<group>";
		};
		E7BE1D012477102F0046F175 /* LaunchScreen.storyboard */ = {
			isa = PBXVariantGroup;
			children = (
				E7BE1D022477102F0046F175 /* Base */,
			);
			name = LaunchScreen.storyboard;
			sourceTree = "<group>";
		};
/* End PBXVariantGroup section */

/* Begin XCBuildConfiguration section */
		E7BE1D1B2477102F0046F175 /* Debug */ = {
			isa = XCBuildConfiguration;
			buildSettings = {
				ALWAYS_SEARCH_USER_PATHS = NO;
				CLANG_ANALYZER_NONNULL = YES;
				CLANG_ANALYZER_NUMBER_OBJECT_CONVERSION = YES_AGGRESSIVE;
				CLANG_CXX_LANGUAGE_STANDARD = "gnu++14";
				CLANG_CXX_LIBRARY = "libc++";
				CLANG_ENABLE_MODULES = YES;
				CLANG_ENABLE_OBJC_ARC = YES;
				CLANG_ENABLE_OBJC_WEAK = YES;
				CLANG_WARN_BLOCK_CAPTURE_AUTORELEASING = YES;
				CLANG_WARN_BOOL_CONVERSION = YES;
				CLANG_WARN_COMMA = YES;
				CLANG_WARN_CONSTANT_CONVERSION = YES;
				CLANG_WARN_DEPRECATED_OBJC_IMPLEMENTATIONS = YES;
				CLANG_WARN_DIRECT_OBJC_ISA_USAGE = YES_ERROR;
				CLANG_WARN_DOCUMENTATION_COMMENTS = YES;
				CLANG_WARN_EMPTY_BODY = YES;
				CLANG_WARN_ENUM_CONVERSION = YES;
				CLANG_WARN_INFINITE_RECURSION = YES;
				CLANG_WARN_INT_CONVERSION = YES;
				CLANG_WARN_NON_LITERAL_NULL_CONVERSION = YES;
				CLANG_WARN_OBJC_IMPLICIT_RETAIN_SELF = YES;
				CLANG_WARN_OBJC_LITERAL_CONVERSION = YES;
				CLANG_WARN_OBJC_ROOT_CLASS = YES_ERROR;
				CLANG_WARN_RANGE_LOOP_ANALYSIS = YES;
				CLANG_WARN_STRICT_PROTOTYPES = YES;
				CLANG_WARN_SUSPICIOUS_MOVE = YES;
				CLANG_WARN_UNGUARDED_AVAILABILITY = YES_AGGRESSIVE;
				CLANG_WARN_UNREACHABLE_CODE = YES;
				CLANG_WARN__DUPLICATE_METHOD_MATCH = YES;
				COPY_PHASE_STRIP = NO;
				DEBUG_INFORMATION_FORMAT = dwarf;
				ENABLE_STRICT_OBJC_MSGSEND = YES;
				ENABLE_TESTABILITY = YES;
				GCC_C_LANGUAGE_STANDARD = gnu11;
				GCC_DYNAMIC_NO_PIC = NO;
				GCC_NO_COMMON_BLOCKS = YES;
				GCC_OPTIMIZATION_LEVEL = 0;
				GCC_PREPROCESSOR_DEFINITIONS = (
					"DEBUG=1",
					"$(inherited)",
				);
				GCC_WARN_64_TO_32_BIT_CONVERSION = YES;
				GCC_WARN_ABOUT_RETURN_TYPE = YES_ERROR;
				GCC_WARN_UNDECLARED_SELECTOR = YES;
				GCC_WARN_UNINITIALIZED_AUTOS = YES_AGGRESSIVE;
				GCC_WARN_UNUSED_FUNCTION = YES;
				GCC_WARN_UNUSED_VARIABLE = YES;
				IPHONEOS_DEPLOYMENT_TARGET = 13.4;
				MTL_ENABLE_DEBUG_INFO = INCLUDE_SOURCE;
				MTL_FAST_MATH = YES;
				ONLY_ACTIVE_ARCH = YES;
				SDKROOT = iphoneos;
				SWIFT_ACTIVE_COMPILATION_CONDITIONS = DEBUG;
				SWIFT_OPTIMIZATION_LEVEL = "-Onone";
			};
			name = Debug;
		};
		E7BE1D1C2477102F0046F175 /* Release */ = {
			isa = XCBuildConfiguration;
			buildSettings = {
				ALWAYS_SEARCH_USER_PATHS = NO;
				CLANG_ANALYZER_NONNULL = YES;
				CLANG_ANALYZER_NUMBER_OBJECT_CONVERSION = YES_AGGRESSIVE;
				CLANG_CXX_LANGUAGE_STANDARD = "gnu++14";
				CLANG_CXX_LIBRARY = "libc++";
				CLANG_ENABLE_MODULES = YES;
				CLANG_ENABLE_OBJC_ARC = YES;
				CLANG_ENABLE_OBJC_WEAK = YES;
				CLANG_WARN_BLOCK_CAPTURE_AUTORELEASING = YES;
				CLANG_WARN_BOOL_CONVERSION = YES;
				CLANG_WARN_COMMA = YES;
				CLANG_WARN_CONSTANT_CONVERSION = YES;
				CLANG_WARN_DEPRECATED_OBJC_IMPLEMENTATIONS = YES;
				CLANG_WARN_DIRECT_OBJC_ISA_USAGE = YES_ERROR;
				CLANG_WARN_DOCUMENTATION_COMMENTS = YES;
				CLANG_WARN_EMPTY_BODY = YES;
				CLANG_WARN_ENUM_CONVERSION = YES;
				CLANG_WARN_INFINITE_RECURSION = YES;
				CLANG_WARN_INT_CONVERSION = YES;
				CLANG_WARN_NON_LITERAL_NULL_CONVERSION = YES;
				CLANG_WARN_OBJC_IMPLICIT_RETAIN_SELF = YES;
				CLANG_WARN_OBJC_LITERAL_CONVERSION = YES;
				CLANG_WARN_OBJC_ROOT_CLASS = YES_ERROR;
				CLANG_WARN_RANGE_LOOP_ANALYSIS = YES;
				CLANG_WARN_STRICT_PROTOTYPES = YES;
				CLANG_WARN_SUSPICIOUS_MOVE = YES;
				CLANG_WARN_UNGUARDED_AVAILABILITY = YES_AGGRESSIVE;
				CLANG_WARN_UNREACHABLE_CODE = YES;
				CLANG_WARN__DUPLICATE_METHOD_MATCH = YES;
				COPY_PHASE_STRIP = NO;
				DEBUG_INFORMATION_FORMAT = "dwarf-with-dsym";
				ENABLE_NS_ASSERTIONS = NO;
				ENABLE_STRICT_OBJC_MSGSEND = YES;
				GCC_C_LANGUAGE_STANDARD = gnu11;
				GCC_NO_COMMON_BLOCKS = YES;
				GCC_WARN_64_TO_32_BIT_CONVERSION = YES;
				GCC_WARN_ABOUT_RETURN_TYPE = YES_ERROR;
				GCC_WARN_UNDECLARED_SELECTOR = YES;
				GCC_WARN_UNINITIALIZED_AUTOS = YES_AGGRESSIVE;
				GCC_WARN_UNUSED_FUNCTION = YES;
				GCC_WARN_UNUSED_VARIABLE = YES;
				IPHONEOS_DEPLOYMENT_TARGET = 13.4;
				MTL_ENABLE_DEBUG_INFO = NO;
				MTL_FAST_MATH = YES;
				SDKROOT = iphoneos;
				SWIFT_COMPILATION_MODE = wholemodule;
				SWIFT_OPTIMIZATION_LEVEL = "-O";
				VALIDATE_PRODUCT = YES;
			};
			name = Release;
		};
		E7BE1D1E2477102F0046F175 /* Debug */ = {
			isa = XCBuildConfiguration;
			baseConfigurationReference = 56B5AF5BD86A66ED02243996 /* Pods-Swift5 Todo.debug.xcconfig */;
			buildSettings = {
				ASSETCATALOG_COMPILER_APPICON_NAME = AppIcon;
				CODE_SIGN_STYLE = Automatic;
				INFOPLIST_FILE = "Swift5 Todo/Info.plist";
				LD_RUNPATH_SEARCH_PATHS = (
					"$(inherited)",
					"@executable_path/Frameworks",
				);
				PRODUCT_BUNDLE_IDENTIFIER = "com.-Hiroaki-Hirabayashi.Swift5-Todo";
				PRODUCT_NAME = "$(TARGET_NAME)";
				SWIFT_VERSION = 5.0;
				TARGETED_DEVICE_FAMILY = "1,2";
			};
			name = Debug;
		};
		E7BE1D1F2477102F0046F175 /* Release */ = {
			isa = XCBuildConfiguration;
			baseConfigurationReference = 9419788780407AF6D58440F0 /* Pods-Swift5 Todo.release.xcconfig */;
			buildSettings = {
				ASSETCATALOG_COMPILER_APPICON_NAME = AppIcon;
				CODE_SIGN_STYLE = Automatic;
				INFOPLIST_FILE = "Swift5 Todo/Info.plist";
				LD_RUNPATH_SEARCH_PATHS = (
					"$(inherited)",
					"@executable_path/Frameworks",
				);
				PRODUCT_BUNDLE_IDENTIFIER = "com.-Hiroaki-Hirabayashi.Swift5-Todo";
				PRODUCT_NAME = "$(TARGET_NAME)";
				SWIFT_VERSION = 5.0;
				TARGETED_DEVICE_FAMILY = "1,2";
			};
			name = Release;
		};
		E7BE1D212477102F0046F175 /* Debug */ = {
			isa = XCBuildConfiguration;
			baseConfigurationReference = 26F73DF021DBCEAC558CA4C0 /* Pods-Swift5 TodoTests.debug.xcconfig */;
			buildSettings = {
				ALWAYS_EMBED_SWIFT_STANDARD_LIBRARIES = YES;
				BUNDLE_LOADER = "$(TEST_HOST)";
				CODE_SIGN_STYLE = Automatic;
				INFOPLIST_FILE = "Swift5 TodoTests/Info.plist";
				IPHONEOS_DEPLOYMENT_TARGET = 13.4;
				LD_RUNPATH_SEARCH_PATHS = (
					"$(inherited)",
					"@executable_path/Frameworks",
					"@loader_path/Frameworks",
				);
				PRODUCT_BUNDLE_IDENTIFIER = "com.-Hiroaki-Hirabayashi.Swift5-TodoTests";
				PRODUCT_NAME = "$(TARGET_NAME)";
				SWIFT_VERSION = 5.0;
				TARGETED_DEVICE_FAMILY = "1,2";
				TEST_HOST = "$(BUILT_PRODUCTS_DIR)/Swift5 Todo.app/Swift5 Todo";
			};
			name = Debug;
		};
		E7BE1D222477102F0046F175 /* Release */ = {
			isa = XCBuildConfiguration;
			baseConfigurationReference = 92A7CE1954E697B880036C3B /* Pods-Swift5 TodoTests.release.xcconfig */;
			buildSettings = {
				ALWAYS_EMBED_SWIFT_STANDARD_LIBRARIES = YES;
				BUNDLE_LOADER = "$(TEST_HOST)";
				CODE_SIGN_STYLE = Automatic;
				INFOPLIST_FILE = "Swift5 TodoTests/Info.plist";
				IPHONEOS_DEPLOYMENT_TARGET = 13.4;
				LD_RUNPATH_SEARCH_PATHS = (
					"$(inherited)",
					"@executable_path/Frameworks",
					"@loader_path/Frameworks",
				);
				PRODUCT_BUNDLE_IDENTIFIER = "com.-Hiroaki-Hirabayashi.Swift5-TodoTests";
				PRODUCT_NAME = "$(TARGET_NAME)";
				SWIFT_VERSION = 5.0;
				TARGETED_DEVICE_FAMILY = "1,2";
				TEST_HOST = "$(BUILT_PRODUCTS_DIR)/Swift5 Todo.app/Swift5 Todo";
			};
			name = Release;
		};
		E7BE1D242477102F0046F175 /* Debug */ = {
			isa = XCBuildConfiguration;
			baseConfigurationReference = 98D45785E29D77B31C8BE8B5 /* Pods-Swift5 Todo-Swift5 TodoUITests.debug.xcconfig */;
			buildSettings = {
				ALWAYS_EMBED_SWIFT_STANDARD_LIBRARIES = YES;
				CODE_SIGN_STYLE = Automatic;
				INFOPLIST_FILE = "Swift5 TodoUITests/Info.plist";
				LD_RUNPATH_SEARCH_PATHS = (
					"$(inherited)",
					"@executable_path/Frameworks",
					"@loader_path/Frameworks",
				);
				PRODUCT_BUNDLE_IDENTIFIER = "com.-Hiroaki-Hirabayashi.Swift5-TodoUITests";
				PRODUCT_NAME = "$(TARGET_NAME)";
				SWIFT_VERSION = 5.0;
				TARGETED_DEVICE_FAMILY = "1,2";
				TEST_TARGET_NAME = "Swift5 Todo";
			};
			name = Debug;
		};
		E7BE1D252477102F0046F175 /* Release */ = {
			isa = XCBuildConfiguration;
			baseConfigurationReference = 7A6ED7C7D2849B1145028C10 /* Pods-Swift5 Todo-Swift5 TodoUITests.release.xcconfig */;
			buildSettings = {
				ALWAYS_EMBED_SWIFT_STANDARD_LIBRARIES = YES;
				CODE_SIGN_STYLE = Automatic;
				INFOPLIST_FILE = "Swift5 TodoUITests/Info.plist";
				LD_RUNPATH_SEARCH_PATHS = (
					"$(inherited)",
					"@executable_path/Frameworks",
					"@loader_path/Frameworks",
				);
				PRODUCT_BUNDLE_IDENTIFIER = "com.-Hiroaki-Hirabayashi.Swift5-TodoUITests";
				PRODUCT_NAME = "$(TARGET_NAME)";
				SWIFT_VERSION = 5.0;
				TARGETED_DEVICE_FAMILY = "1,2";
				TEST_TARGET_NAME = "Swift5 Todo";
			};
			name = Release;
		};
/* End XCBuildConfiguration section */

/* Begin XCConfigurationList section */
		E7BE1CEE2477102C0046F175 /* Build configuration list for PBXProject "Swift5 Todo" */ = {
			isa = XCConfigurationList;
			buildConfigurations = (
				E7BE1D1B2477102F0046F175 /* Debug */,
				E7BE1D1C2477102F0046F175 /* Release */,
			);
			defaultConfigurationIsVisible = 0;
			defaultConfigurationName = Release;
		};
		E7BE1D1D2477102F0046F175 /* Build configuration list for PBXNativeTarget "Swift5 Todo" */ = {
			isa = XCConfigurationList;
			buildConfigurations = (
				E7BE1D1E2477102F0046F175 /* Debug */,
				E7BE1D1F2477102F0046F175 /* Release */,
			);
			defaultConfigurationIsVisible = 0;
			defaultConfigurationName = Release;
		};
		E7BE1D202477102F0046F175 /* Build configuration list for PBXNativeTarget "Swift5 TodoTests" */ = {
			isa = XCConfigurationList;
			buildConfigurations = (
				E7BE1D212477102F0046F175 /* Debug */,
				E7BE1D222477102F0046F175 /* Release */,
			);
			defaultConfigurationIsVisible = 0;
			defaultConfigurationName = Release;
		};
		E7BE1D232477102F0046F175 /* Build configuration list for PBXNativeTarget "Swift5 TodoUITests" */ = {
			isa = XCConfigurationList;
			buildConfigurations = (
				E7BE1D242477102F0046F175 /* Debug */,
				E7BE1D252477102F0046F175 /* Release */,
			);
			defaultConfigurationIsVisible = 0;
			defaultConfigurationName = Release;
		};
/* End XCConfigurationList section */
	};
	rootObject = E7BE1CEB2477102C0046F175 /* Project object */;
}
